# This file is generated by running "yarn install" inside your project.
# Manual changes might be lost - proceed with caution!

__metadata:
  version: 6

"@hmcts/ccpay-web-component@workspace:.":
  version: 0.0.0-use.local
  resolution: "@hmcts/ccpay-web-component@workspace:."
  peerDependencies:
    "@angular/common": ^18.2.13
    "@angular/core": ^18.2.13
  languageName: unknown
  linkType: soft
